// !$*UTF8*$!
{
	archiveVersion = 1;
	classes = {
	};
	objectVersion = 46;
	objects = {

/* Begin PBXBuildFile section */
		C3B49541F7079D681A7615AF /* Pods_CurrencyConvert.framework in Frameworks */ = {isa = PBXBuildFile; fileRef = A35FC6BE87B42AC9B4946715 /* Pods_CurrencyConvert.framework */; };
		CCE2D4FB1D3D753200C149DC /* AppDelegate.swift in Sources */ = {isa = PBXBuildFile; fileRef = CCE2D4FA1D3D753200C149DC /* AppDelegate.swift */; };
		CCE2D4FD1D3D753200C149DC /* ViewController.swift in Sources */ = {isa = PBXBuildFile; fileRef = CCE2D4FC1D3D753200C149DC /* ViewController.swift */; };
		CCE2D5001D3D753200C149DC /* Main.storyboard in Resources */ = {isa = PBXBuildFile; fileRef = CCE2D4FE1D3D753200C149DC /* Main.storyboard */; };
		CCE2D5021D3D753200C149DC /* Assets.xcassets in Resources */ = {isa = PBXBuildFile; fileRef = CCE2D5011D3D753200C149DC /* Assets.xcassets */; };
		CCE2D5051D3D753200C149DC /* LaunchScreen.storyboard in Resources */ = {isa = PBXBuildFile; fileRef = CCE2D5031D3D753200C149DC /* LaunchScreen.storyboard */; };
		CCE2D50D1D3D8F6100C149DC /* NumberField.swift in Sources */ = {isa = PBXBuildFile; fileRef = CCE2D50C1D3D8F6100C149DC /* NumberField.swift */; };
		CCE2D50F1D3DA53500C149DC /* ExchangeRateManager.swift in Sources */ = {isa = PBXBuildFile; fileRef = CCE2D50E1D3DA53500C149DC /* ExchangeRateManager.swift */; };
/* End PBXBuildFile section */

/* Begin PBXFileReference section */
		4D6354BBA4E10056EB8EE016 /* Pods-CurrencyConvert.debug.xcconfig */ = {isa = PBXFileReference; includeInIndex = 1; lastKnownFileType = text.xcconfig; name = "Pods-CurrencyConvert.debug.xcconfig"; path = "Pods/Target Support Files/Pods-CurrencyConvert/Pods-CurrencyConvert.debug.xcconfig"; sourceTree = "<group>"; };
		7012AE57711CDAB232DFE2EC /* Pods-CurrencyConvert.release.xcconfig */ = {isa = PBXFileReference; includeInIndex = 1; lastKnownFileType = text.xcconfig; name = "Pods-CurrencyConvert.release.xcconfig"; path = "Pods/Target Support Files/Pods-CurrencyConvert/Pods-CurrencyConvert.release.xcconfig"; sourceTree = "<group>"; };
		A35FC6BE87B42AC9B4946715 /* Pods_CurrencyConvert.framework */ = {isa = PBXFileReference; explicitFileType = wrapper.framework; includeInIndex = 0; path = Pods_CurrencyConvert.framework; sourceTree = BUILT_PRODUCTS_DIR; };
		CCE2D4F71D3D753200C149DC /* CurrencyConvert.app */ = {isa = PBXFileReference; explicitFileType = wrapper.application; includeInIndex = 0; path = CurrencyConvert.app; sourceTree = BUILT_PRODUCTS_DIR; };
		CCE2D4FA1D3D753200C149DC /* AppDelegate.swift */ = {isa = PBXFileReference; lastKnownFileType = sourcecode.swift; path = AppDelegate.swift; sourceTree = "<group>"; };
		CCE2D4FC1D3D753200C149DC /* ViewController.swift */ = {isa = PBXFileReference; lastKnownFileType = sourcecode.swift; path = ViewController.swift; sourceTree = "<group>"; };
		CCE2D4FF1D3D753200C149DC /* Base */ = {isa = PBXFileReference; lastKnownFileType = file.storyboard; name = Base; path = Base.lproj/Main.storyboard; sourceTree = "<group>"; };
		CCE2D5011D3D753200C149DC /* Assets.xcassets */ = {isa = PBXFileReference; lastKnownFileType = folder.assetcatalog; path = Assets.xcassets; sourceTree = "<group>"; };
		CCE2D5041D3D753200C149DC /* Base */ = {isa = PBXFileReference; lastKnownFileType = file.storyboard; name = Base; path = Base.lproj/LaunchScreen.storyboard; sourceTree = "<group>"; };
		CCE2D5061D3D753200C149DC /* Info.plist */ = {isa = PBXFileReference; lastKnownFileType = text.plist.xml; path = Info.plist; sourceTree = "<group>"; };
		CCE2D50C1D3D8F6100C149DC /* NumberField.swift */ = {isa = PBXFileReference; fileEncoding = 4; lastKnownFileType = sourcecode.swift; path = NumberField.swift; sourceTree = "<group>"; };
		CCE2D50E1D3DA53500C149DC /* ExchangeRateManager.swift */ = {isa = PBXFileReference; fileEncoding = 4; lastKnownFileType = sourcecode.swift; path = ExchangeRateManager.swift; sourceTree = "<group>"; };
/* End PBXFileReference section */

/* Begin PBXFrameworksBuildPhase section */
		CCE2D4F41D3D753200C149DC /* Frameworks */ = {
			isa = PBXFrameworksBuildPhase;
			buildActionMask = 2147483647;
			files = (
				C3B49541F7079D681A7615AF /* Pods_CurrencyConvert.framework in Frameworks */,
			);
			runOnlyForDeploymentPostprocessing = 0;
		};
/* End PBXFrameworksBuildPhase section */

/* Begin PBXGroup section */
		676001C82EDF3FC5D4352CE4 /* Pods */ = {
			isa = PBXGroup;
			children = (
				4D6354BBA4E10056EB8EE016 /* Pods-CurrencyConvert.debug.xcconfig */,
				7012AE57711CDAB232DFE2EC /* Pods-CurrencyConvert.release.xcconfig */,
			);
			name = Pods;
			sourceTree = "<group>";
		};
		8C3AAD95CA864C6FCDDA3858 /* Frameworks */ = {
			isa = PBXGroup;
			children = (
				A35FC6BE87B42AC9B4946715 /* Pods_CurrencyConvert.framework */,
			);
			name = Frameworks;
			sourceTree = "<group>";
		};
		CCE2D4EE1D3D753200C149DC = {
			isa = PBXGroup;
			children = (
				CCE2D4F91D3D753200C149DC /* CurrencyConvert */,
				CCE2D4F81D3D753200C149DC /* Products */,
				676001C82EDF3FC5D4352CE4 /* Pods */,
				8C3AAD95CA864C6FCDDA3858 /* Frameworks */,
			);
			sourceTree = "<group>";
		};
		CCE2D4F81D3D753200C149DC /* Products */ = {
			isa = PBXGroup;
			children = (
				CCE2D4F71D3D753200C149DC /* CurrencyConvert.app */,
			);
			name = Products;
			sourceTree = "<group>";
		};
		CCE2D4F91D3D753200C149DC /* CurrencyConvert */ = {
			isa = PBXGroup;
			children = (
				CCE2D4FA1D3D753200C149DC /* AppDelegate.swift */,
				CCE2D4FC1D3D753200C149DC /* ViewController.swift */,
				CCE2D50E1D3DA53500C149DC /* ExchangeRateManager.swift */,
				CCE2D4FE1D3D753200C149DC /* Main.storyboard */,
				CCE2D50C1D3D8F6100C149DC /* NumberField.swift */,
				CCE2D5011D3D753200C149DC /* Assets.xcassets */,
				CCE2D5031D3D753200C149DC /* LaunchScreen.storyboard */,
				CCE2D5061D3D753200C149DC /* Info.plist */,
			);
			path = CurrencyConvert;
			sourceTree = "<group>";
		};
/* End PBXGroup section */

/* Begin PBXNativeTarget section */
		CCE2D4F61D3D753200C149DC /* CurrencyConvert */ = {
			isa = PBXNativeTarget;
			buildConfigurationList = CCE2D5091D3D753200C149DC /* Build configuration list for PBXNativeTarget "CurrencyConvert" */;
			buildPhases = (
				01CBC0379EF51423FB211C89 /* Check Pods Manifest.lock */,
				CCE2D4F31D3D753200C149DC /* Sources */,
				CCE2D4F41D3D753200C149DC /* Frameworks */,
				CCE2D4F51D3D753200C149DC /* Resources */,
				6D702BA29B0B549FCDF2ABAC /* Embed Pods Frameworks */,
				E44281F2ED1B36EC4AA96245 /* Copy Pods Resources */,
			);
			buildRules = (
			);
			dependencies = (
			);
			name = CurrencyConvert;
			productName = CurrencyConvert;
			productReference = CCE2D4F71D3D753200C149DC /* CurrencyConvert.app */;
			productType = "com.apple.product-type.application";
		};
/* End PBXNativeTarget section */

/* Begin PBXProject section */
		CCE2D4EF1D3D753200C149DC /* Project object */ = {
			isa = PBXProject;
			attributes = {
				LastSwiftUpdateCheck = 0730;
				LastUpgradeCheck = 0730;
				ORGANIZATIONNAME = xaanimus;
				TargetAttributes = {
					CCE2D4F61D3D753200C149DC = {
						CreatedOnToolsVersion = 7.3.1;
					};
				};
			};
			buildConfigurationList = CCE2D4F21D3D753200C149DC /* Build configuration list for PBXProject "CurrencyConvert" */;
			compatibilityVersion = "Xcode 3.2";
			developmentRegion = English;
			hasScannedForEncodings = 0;
			knownRegions = (
				en,
				Base,
			);
			mainGroup = CCE2D4EE1D3D753200C149DC;
			productRefGroup = CCE2D4F81D3D753200C149DC /* Products */;
			projectDirPath = "";
			projectRoot = "";
			targets = (
				CCE2D4F61D3D753200C149DC /* CurrencyConvert */,
			);
		};
/* End PBXProject section */

/* Begin PBXResourcesBuildPhase section */
		CCE2D4F51D3D753200C149DC /* Resources */ = {
			isa = PBXResourcesBuildPhase;
			buildActionMask = 2147483647;
			files = (
				CCE2D5051D3D753200C149DC /* LaunchScreen.storyboard in Resources */,
				CCE2D5021D3D753200C149DC /* Assets.xcassets in Resources */,
				CCE2D5001D3D753200C149DC /* Main.storyboard in Resources */,
			);
			runOnlyForDeploymentPostprocessing = 0;
		};
/* End PBXResourcesBuildPhase section */

/* Begin PBXShellScriptBuildPhase section */
		01CBC0379EF51423FB211C89 /* Check Pods Manifest.lock */ = {
			isa = PBXShellScriptBuildPhase;
			buildActionMask = 2147483647;
			files = (
			);
			inputPaths = (
			);
			name = "Check Pods Manifest.lock";
			outputPaths = (
			);
			runOnlyForDeploymentPostprocessing = 0;
			shellPath = /bin/sh;
			shellScript = "diff \"${PODS_ROOT}/../Podfile.lock\" \"${PODS_ROOT}/Manifest.lock\" > /dev/null\nif [[ $? != 0 ]] ; then\n    cat << EOM\nerror: The sandbox is not in sync with the Podfile.lock. Run 'pod install' or update your CocoaPods installation.\nEOM\n    exit 1\nfi\n";
			showEnvVarsInLog = 0;
		};
		6D702BA29B0B549FCDF2ABAC /* Embed Pods Frameworks */ = {
			isa = PBXShellScriptBuildPhase;
			buildActionMask = 2147483647;
			files = (
			);
			inputPaths = (
			);
			name = "Embed Pods Frameworks";
			outputPaths = (
			);
			runOnlyForDeploymentPostprocessing = 0;
			shellPath = /bin/sh;
			shellScript = "\"${SRCROOT}/Pods/Target Support Files/Pods-CurrencyConvert/Pods-CurrencyConvert-frameworks.sh\"\n";
			showEnvVarsInLog = 0;
		};
		E44281F2ED1B36EC4AA96245 /* Copy Pods Resources */ = {
			isa = PBXShellScriptBuildPhase;
			buildActionMask = 2147483647;
			files = (
			);
			inputPaths = (
			);
			name = "Copy Pods Resources";
			outputPaths = (
			);
			runOnlyForDeploymentPostprocessing = 0;
			shellPath = /bin/sh;
			shellScript = "\"${SRCROOT}/Pods/Target Support Files/Pods-CurrencyConvert/Pods-CurrencyConvert-resources.sh\"\n";
			showEnvVarsInLog = 0;
		};
/* End PBXShellScriptBuildPhase section */

/* Begin PBXSourcesBuildPhase section */
		CCE2D4F31D3D753200C149DC /* Sources */ = {
			isa = PBXSourcesBuildPhase;
			buildActionMask = 2147483647;
			files = (
				CCE2D4FD1D3D753200C149DC /* ViewController.swift in Sources */,
				CCE2D4FB1D3D753200C149DC /* AppDelegate.swift in Sources */,
				CCE2D50F1D3DA53500C149DC /* ExchangeRateManager.swift in Sources */,
				CCE2D50D1D3D8F6100C149DC /* NumberField.swift in Sources */,
			);
			runOnlyForDeploymentPostprocessing = 0;
		};
/* End PBXSourcesBuildPhase section */

/* Begin PBXVariantGroup section */
		CCE2D4FE1D3D753200C149DC /* Main.storyboard */ = {
			isa = PBXVariantGroup;
			children = (
				CCE2D4FF1D3D753200C149DC /* Base */,
			);
			name = Main.storyboard;
			sourceTree = "<group>";
		};
		CCE2D5031D3D753200C149DC /* LaunchScreen.storyboard */ = {
			isa = PBXVariantGroup;
			children = (
				CCE2D5041D3D753200C149DC /* Base */,
			);
			name = LaunchScreen.storyboard;
			sourceTree = "<group>";
		};
/* End PBXVariantGroup section */

/* Begin XCBuildConfiguration section */
		CCE2D5071D3D753200C149DC /* Debug */ = {
			isa = XCBuildConfiguration;
			buildSettings = {
				ALWAYS_SEARCH_USER_PATHS = NO;
				CLANG_ANALYZER_NONNULL = YES;
				CLANG_CXX_LANGUAGE_STANDARD = "gnu++0x";
				CLANG_CXX_LIBRARY = "libc++";
				CLANG_ENABLE_MODULES = YES;
				CLANG_ENABLE_OBJC_ARC = YES;
				CLANG_WARN_BOOL_CONVERSION = YES;
				CLANG_WARN_CONSTANT_CONVERSION = YES;
				CLANG_WARN_DIRECT_OBJC_ISA_USAGE = YES_ERROR;
				CLANG_WARN_EMPTY_BODY = YES;
				CLANG_WARN_ENUM_CONVERSION = YES;
				CLANG_WARN_INT_CONVERSION = YES;
				CLANG_WARN_OBJC_ROOT_CLASS = YES_ERROR;
				CLANG_WARN_UNREACHABLE_CODE = YES;
				CLANG_WARN__DUPLICATE_METHOD_MATCH = YES;
				"CODE_SIGN_IDENTITY[sdk=iphoneos*]" = "iPhone Developer";
				COPY_PHASE_STRIP = NO;
				DEBUG_INFORMATION_FORMAT = dwarf;
				ENABLE_STRICT_OBJC_MSGSEND = YES;
				ENABLE_TESTABILITY = YES;
				GCC_C_LANGUAGE_STANDARD = gnu99;
				GCC_DYNAMIC_NO_PIC = NO;
				GCC_NO_COMMON_BLOCKS = YES;
				GCC_OPTIMIZATION_LEVEL = 0;
				GCC_PREPROCESSOR_DEFINITIONS = (
					"DEBUG=1",
					"$(inherited)",
				);
				GCC_WARN_64_TO_32_BIT_CONVERSION = YES;
				GCC_WARN_ABOUT_RETURN_TYPE = YES_ERROR;
				GCC_WARN_UNDECLARED_SELECTOR = YES;
				GCC_WARN_UNINITIALIZED_AUTOS = YES_AGGRESSIVE;
				GCC_WARN_UNUSED_FUNCTION = YES;
				GCC_WARN_UNUSED_VARIABLE = YES;
				IPHONEOS_DEPLOYMENT_TARGET = 9.3;
				MTL_ENABLE_DEBUG_INFO = YES;
				ONLY_ACTIVE_ARCH = YES;
				SDKROOT = iphoneos;
				SWIFT_OPTIMIZATION_LEVEL = "-Onone";
			};
			name = Debug;
		};
		CCE2D5081D3D753200C149DC /* Release */ = {
			isa = XCBuildConfiguration;
			buildSettings = {
				ALWAYS_SEARCH_USER_PATHS = NO;
				CLANG_ANALYZER_NONNULL = YES;
				CLANG_CXX_LANGUAGE_STANDARD = "gnu++0x";
				CLANG_CXX_LIBRARY = "libc++";
				CLANG_ENABLE_MODULES = YES;
				CLANG_ENABLE_OBJC_ARC = YES;
				CLANG_WARN_BOOL_CONVERSION = YES;
				CLANG_WARN_CONSTANT_CONVERSION = YES;
				CLANG_WARN_DIRECT_OBJC_ISA_USAGE = YES_ERROR;
				CLANG_WARN_EMPTY_BODY = YES;
				CLANG_WARN_ENUM_CONVERSION = YES;
				CLANG_WARN_INT_CONVERSION = YES;
				CLANG_WARN_OBJC_ROOT_CLASS = YES_ERROR;
				CLANG_WARN_UNREACHABLE_CODE = YES;
				CLANG_WARN__DUPLICATE_METHOD_MATCH = YES;
				"CODE_SIGN_IDENTITY[sdk=iphoneos*]" = "iPhone Developer";
				COPY_PHASE_STRIP = NO;
				DEBUG_INFORMATION_FORMAT = "dwarf-with-dsym";
				ENABLE_NS_ASSERTIONS = NO;
				ENABLE_STRICT_OBJC_MSGSEND = YES;
				GCC_C_LANGUAGE_STANDARD = gnu99;
				GCC_NO_COMMON_BLOCKS = YES;
				GCC_WARN_64_TO_32_BIT_CONVERSION = YES;
				GCC_WARN_ABOUT_RETURN_TYPE = YES_ERROR;
				GCC_WARN_UNDECLARED_SELECTOR = YES;
				GCC_WARN_UNINITIALIZED_AUTOS = YES_AGGRESSIVE;
				GCC_WARN_UNUSED_FUNCTION = YES;
				GCC_WARN_UNUSED_VARIABLE = YES;
				IPHONEOS_DEPLOYMENT_TARGET = 9.3;
				MTL_ENABLE_DEBUG_INFO = NO;
				SDKROOT = iphoneos;
				VALIDATE_PRODUCT = YES;
			};
			name = Release;
		};
		CCE2D50A1D3D753200C149DC /* Debug */ = {
			isa = XCBuildConfiguration;
			baseConfigurationReference = 4D6354BBA4E10056EB8EE016 /* Pods-CurrencyConvert.debug.xcconfig */;
			buildSettings = {
				ASSETCATALOG_COMPILER_APPICON_NAME = AppIcon;
				INFOPLIST_FILE = CurrencyConvert/Info.plist;
				IPHONEOS_DEPLOYMENT_TARGET = 9.0;
				LD_RUNPATH_SEARCH_PATHS = "$(inherited) @executable_path/Frameworks";
				PRODUCT_BUNDLE_IDENTIFIER = com.xaanimus.CurrencyConvert;
				PRODUCT_NAME = "$(TARGET_NAME)";
			};
			name = Debug;
		};
		CCE2D50B1D3D753200C149DC /* Release */ = {
			isa = XCBuildConfiguration;
			baseConfigurationReference = 7012AE57711CDAB232DFE2EC /* Pods-CurrencyConvert.release.xcconfig */;
			buildSettings = {
				ASSETCATALOG_COMPILER_APPICON_NAME = AppIcon;
				INFOPLIST_FILE = CurrencyConvert/Info.plist;
				IPHONEOS_DEPLOYMENT_TARGET = 9.0;
				LD_RUNPATH_SEARCH_PATHS = "$(inherited) @executable_path/Frameworks";
				PRODUCT_BUNDLE_IDENTIFIER = com.xaanimus.CurrencyConvert;
				PRODUCT_NAME = "$(TARGET_NAME)";
			};
			name = Release;
		};
/* End XCBuildConfiguration section */

/* Begin XCConfigurationList section */
		CCE2D4F21D3D753200C149DC /* Build configuration list for PBXProject "CurrencyConvert" */ = {
			isa = XCConfigurationList;
			buildConfigurations = (
				CCE2D5071D3D753200C149DC /* Debug */,
				CCE2D5081D3D753200C149DC /* Release */,
			);
			defaultConfigurationIsVisible = 0;
			defaultConfigurationName = Release;
		};
		CCE2D5091D3D753200C149DC /* Build configuration list for PBXNativeTarget "CurrencyConvert" */ = {
			isa = XCConfigurationList;
			buildConfigurations = (
				CCE2D50A1D3D753200C149DC /* Debug */,
				CCE2D50B1D3D753200C149DC /* Release */,
			);
			defaultConfigurationIsVisible = 0;
			defaultConfigurationName = Release;
		};
/* End XCConfigurationList section */
	};
	rootObject = CCE2D4EF1D3D753200C149DC /* Project object */;
}
